{
  "name": "1",
  "lockfileVersion": 2,
  "requires": true,
  "packages": {
    "": {
      "dependencies": {
        "countries-phone-masks": "^1.0.1",
        "intl-tel-input": "^17.0.16",
        "jquery": "^3.6.0"
      }
    },
    "node_modules/countries-phone-masks": {
      "version": "1.0.1",
      "resolved": "https://registry.npmjs.org/countries-phone-masks/-/countries-phone-masks-1.0.1.tgz",
      "integrity": "sha512-v7a5w8HNhUooABrF2gkvZZw3fzL12cZfnXgCxed8A8FCMtVaWEmmB8/bsMtPVFON3SSkzAvst/UFYALFLk2Enw=="
    },
    "node_modules/intl-tel-input": {
      "version": "17.0.16",
      "resolved": "https://registry.npmjs.org/intl-tel-input/-/intl-tel-input-17.0.16.tgz",
      "integrity": "sha512-aDcfhkl+wf9NYYpvA2v40dPiNUZHLlORAaKogC85IwfN0v6B2jJtq+NyMd0GgM0MCAZp8N2dNG2oygz9pQVVaQ=="
    },
    "node_modules/jquery": {
      "version": "3.6.0",
      "resolved": "https://registry.npmjs.org/jquery/-/jquery-3.6.0.tgz",
      "integrity": "sha512-JVzAR/AjBvVt2BmYhxRCSYysDsPcssdmTFnzyLEts9qNwmjmu4JTAMYubEfwVOSwpQ1I1sKKFcxhZCI2buerfw=="
    }
  },
  "dependencies": {
    "countries-phone-masks": {
      "version": "1.0.1",
      "resolved": "https://registry.npmjs.org/countries-phone-masks/-/countries-phone-masks-1.0.1.tgz",
      "integrity": "sha512-v7a5w8HNhUooABrF2gkvZZw3fzL12cZfnXgCxed8A8FCMtVaWEmmB8/bsMtPVFON3SSkzAvst/UFYALFLk2Enw=="
    },
    "intl-tel-input": {
      "version": "17.0.16",
      "resolved": "https://registry.npmjs.org/intl-tel-input/-/intl-tel-input-17.0.16.tgz",
      "integrity": "sha512-aDcfhkl+wf9NYYpvA2v40dPiNUZHLlORAaKogC85IwfN0v6B2jJtq+NyMd0GgM0MCAZp8N2dNG2oygz9pQVVaQ=="
    },
    "jquery": {
      "version": "3.6.0",
      "resolved": "https://registry.npmjs.org/jquery/-/jquery-3.6.0.tgz",
      "integrity": "sha512-JVzAR/AjBvVt2BmYhxRCSYysDsPcssdmTFnzyLEts9qNwmjmu4JTAMYubEfwVOSwpQ1I1sKKFcxhZCI2buerfw=="
    }
  }
}
